// !$*UTF8*$!
{
	archiveVersion = 1;
	classes = {
	};
	objectVersion = 46;
	objects = {

/* Begin PBXBuildFile section */
		6528667E1F1E82F80069C294 /* AppDelegate.swift in Sources */ = {isa = PBXBuildFile; fileRef = 6528667D1F1E82F80069C294 /* AppDelegate.swift */; };
		652866801F1E82F80069C294 /* ViewController.swift in Sources */ = {isa = PBXBuildFile; fileRef = 6528667F1F1E82F80069C294 /* ViewController.swift */; };
		652866831F1E82F80069C294 /* Main.storyboard in Resources */ = {isa = PBXBuildFile; fileRef = 652866811F1E82F80069C294 /* Main.storyboard */; };
		652866851F1E82F80069C294 /* Assets.xcassets in Resources */ = {isa = PBXBuildFile; fileRef = 652866841F1E82F80069C294 /* Assets.xcassets */; };
		652866881F1E82F80069C294 /* LaunchScreen.storyboard in Resources */ = {isa = PBXBuildFile; fileRef = 652866861F1E82F80069C294 /* LaunchScreen.storyboard */; };
		652866931F1E82F80069C294 /* FitBit_StepsTests.swift in Sources */ = {isa = PBXBuildFile; fileRef = 652866921F1E82F80069C294 /* FitBit_StepsTests.swift */; };
		6528669E1F1E82F80069C294 /* FitBit_StepsUITests.swift in Sources */ = {isa = PBXBuildFile; fileRef = 6528669D1F1E82F80069C294 /* FitBit_StepsUITests.swift */; };
		652866AC1F1E8B130069C294 /* Globals.swift in Sources */ = {isa = PBXBuildFile; fileRef = 652866AB1F1E8B130069C294 /* Globals.swift */; };
		A16B64781F3E5BEE00F1D013 /* StepsViewController.swift in Sources */ = {isa = PBXBuildFile; fileRef = A16B64771F3E5BEE00F1D013 /* StepsViewController.swift */; };
/* End PBXBuildFile section */

/* Begin PBXContainerItemProxy section */
		6528668F1F1E82F80069C294 /* PBXContainerItemProxy */ = {
			isa = PBXContainerItemProxy;
			containerPortal = 652866721F1E82F70069C294 /* Project object */;
			proxyType = 1;
			remoteGlobalIDString = 652866791F1E82F70069C294;
			remoteInfo = "FitBit Steps";
		};
		6528669A1F1E82F80069C294 /* PBXContainerItemProxy */ = {
			isa = PBXContainerItemProxy;
			containerPortal = 652866721F1E82F70069C294 /* Project object */;
			proxyType = 1;
			remoteGlobalIDString = 652866791F1E82F70069C294;
			remoteInfo = "FitBit Steps";
		};
/* End PBXContainerItemProxy section */

/* Begin PBXFileReference section */
		6528667A1F1E82F80069C294 /* FitBit Steps.app */ = {isa = PBXFileReference; explicitFileType = wrapper.application; includeInIndex = 0; path = "FitBit Steps.app"; sourceTree = BUILT_PRODUCTS_DIR; };
		6528667D1F1E82F80069C294 /* AppDelegate.swift */ = {isa = PBXFileReference; lastKnownFileType = sourcecode.swift; path = AppDelegate.swift; sourceTree = "<group>"; };
		6528667F1F1E82F80069C294 /* ViewController.swift */ = {isa = PBXFileReference; lastKnownFileType = sourcecode.swift; path = ViewController.swift; sourceTree = "<group>"; };
		652866821F1E82F80069C294 /* Base */ = {isa = PBXFileReference; lastKnownFileType = file.storyboard; name = Base; path = Base.lproj/Main.storyboard; sourceTree = "<group>"; };
		652866841F1E82F80069C294 /* Assets.xcassets */ = {isa = PBXFileReference; lastKnownFileType = folder.assetcatalog; path = Assets.xcassets; sourceTree = "<group>"; };
		652866871F1E82F80069C294 /* Base */ = {isa = PBXFileReference; lastKnownFileType = file.storyboard; name = Base; path = Base.lproj/LaunchScreen.storyboard; sourceTree = "<group>"; };
		652866891F1E82F80069C294 /* Info.plist */ = {isa = PBXFileReference; lastKnownFileType = text.plist.xml; path = Info.plist; sourceTree = "<group>"; };
		6528668E1F1E82F80069C294 /* FitBit StepsTests.xctest */ = {isa = PBXFileReference; explicitFileType = wrapper.cfbundle; includeInIndex = 0; path = "FitBit StepsTests.xctest"; sourceTree = BUILT_PRODUCTS_DIR; };
		652866921F1E82F80069C294 /* FitBit_StepsTests.swift */ = {isa = PBXFileReference; lastKnownFileType = sourcecode.swift; path = FitBit_StepsTests.swift; sourceTree = "<group>"; };
		652866941F1E82F80069C294 /* Info.plist */ = {isa = PBXFileReference; lastKnownFileType = text.plist.xml; path = Info.plist; sourceTree = "<group>"; };
		652866991F1E82F80069C294 /* FitBit StepsUITests.xctest */ = {isa = PBXFileReference; explicitFileType = wrapper.cfbundle; includeInIndex = 0; path = "FitBit StepsUITests.xctest"; sourceTree = BUILT_PRODUCTS_DIR; };
		6528669D1F1E82F80069C294 /* FitBit_StepsUITests.swift */ = {isa = PBXFileReference; lastKnownFileType = sourcecode.swift; path = FitBit_StepsUITests.swift; sourceTree = "<group>"; };
		6528669F1F1E82F80069C294 /* Info.plist */ = {isa = PBXFileReference; lastKnownFileType = text.plist.xml; path = Info.plist; sourceTree = "<group>"; };
		652866AB1F1E8B130069C294 /* Globals.swift */ = {isa = PBXFileReference; fileEncoding = 4; lastKnownFileType = sourcecode.swift; path = Globals.swift; sourceTree = "<group>"; };
		A16B64771F3E5BEE00F1D013 /* StepsViewController.swift */ = {isa = PBXFileReference; fileEncoding = 4; lastKnownFileType = sourcecode.swift; path = StepsViewController.swift; sourceTree = "<group>"; };
/* End PBXFileReference section */

/* Begin PBXFrameworksBuildPhase section */
		652866771F1E82F70069C294 /* Frameworks */ = {
			isa = PBXFrameworksBuildPhase;
			buildActionMask = 2147483647;
			files = (
			);
			runOnlyForDeploymentPostprocessing = 0;
		};
		6528668B1F1E82F80069C294 /* Frameworks */ = {
			isa = PBXFrameworksBuildPhase;
			buildActionMask = 2147483647;
			files = (
			);
			runOnlyForDeploymentPostprocessing = 0;
		};
		652866961F1E82F80069C294 /* Frameworks */ = {
			isa = PBXFrameworksBuildPhase;
			buildActionMask = 2147483647;
			files = (
			);
			runOnlyForDeploymentPostprocessing = 0;
		};
/* End PBXFrameworksBuildPhase section */

/* Begin PBXGroup section */
		652866711F1E82F70069C294 = {
			isa = PBXGroup;
			children = (
				6528667C1F1E82F80069C294 /* FitBitSteps */,
				652866911F1E82F80069C294 /* FitBitStepsTests */,
				6528669C1F1E82F80069C294 /* FitBitStepsUITests */,
				6528667B1F1E82F80069C294 /* Products */,
			);
			sourceTree = "<group>";
		};
		6528667B1F1E82F80069C294 /* Products */ = {
			isa = PBXGroup;
			children = (
				6528667A1F1E82F80069C294 /* FitBit Steps.app */,
				6528668E1F1E82F80069C294 /* FitBit StepsTests.xctest */,
				652866991F1E82F80069C294 /* FitBit StepsUITests.xctest */,
			);
			name = Products;
			sourceTree = "<group>";
		};
		6528667C1F1E82F80069C294 /* FitBitSteps */ = {
			isa = PBXGroup;
			children = (
				6528667D1F1E82F80069C294 /* AppDelegate.swift */,
				652866AB1F1E8B130069C294 /* Globals.swift */,
				6528667F1F1E82F80069C294 /* ViewController.swift */,
				652866811F1E82F80069C294 /* Main.storyboard */,
				A16B64741F3E5BCC00F1D013 /* ViewControllers */,
				652866841F1E82F80069C294 /* Assets.xcassets */,
				652866861F1E82F80069C294 /* LaunchScreen.storyboard */,
				652866891F1E82F80069C294 /* Info.plist */,
			);
			path = FitBitSteps;
			sourceTree = "<group>";
		};
		652866911F1E82F80069C294 /* FitBitStepsTests */ = {
			isa = PBXGroup;
			children = (
				652866921F1E82F80069C294 /* FitBit_StepsTests.swift */,
				652866941F1E82F80069C294 /* Info.plist */,
			);
			path = FitBitStepsTests;
			sourceTree = "<group>";
		};
		6528669C1F1E82F80069C294 /* FitBitStepsUITests */ = {
			isa = PBXGroup;
			children = (
				6528669D1F1E82F80069C294 /* FitBit_StepsUITests.swift */,
				6528669F1F1E82F80069C294 /* Info.plist */,
			);
			path = FitBitStepsUITests;
			sourceTree = "<group>";
		};
		A16B64741F3E5BCC00F1D013 /* ViewControllers */ = {
			isa = PBXGroup;
			children = (
				A16B64771F3E5BEE00F1D013 /* StepsViewController.swift */,
			);
			path = ViewControllers;
			sourceTree = "<group>";
		};
/* End PBXGroup section */

/* Begin PBXNativeTarget section */
		652866791F1E82F70069C294 /* FitBit Steps */ = {
			isa = PBXNativeTarget;
			buildConfigurationList = 652866A21F1E82F80069C294 /* Build configuration list for PBXNativeTarget "FitBit Steps" */;
			buildPhases = (
				652866761F1E82F70069C294 /* Sources */,
				652866771F1E82F70069C294 /* Frameworks */,
				652866781F1E82F70069C294 /* Resources */,
			);
			buildRules = (
			);
			dependencies = (
			);
			name = "FitBit Steps";
			productName = "FitBit Steps";
			productReference = 6528667A1F1E82F80069C294 /* FitBit Steps.app */;
			productType = "com.apple.product-type.application";
		};
		6528668D1F1E82F80069C294 /* FitBit StepsTests */ = {
			isa = PBXNativeTarget;
			buildConfigurationList = 652866A51F1E82F80069C294 /* Build configuration list for PBXNativeTarget "FitBit StepsTests" */;
			buildPhases = (
				6528668A1F1E82F80069C294 /* Sources */,
				6528668B1F1E82F80069C294 /* Frameworks */,
				6528668C1F1E82F80069C294 /* Resources */,
			);
			buildRules = (
			);
			dependencies = (
				652866901F1E82F80069C294 /* PBXTargetDependency */,
			);
			name = "FitBit StepsTests";
			productName = "FitBit StepsTests";
			productReference = 6528668E1F1E82F80069C294 /* FitBit StepsTests.xctest */;
			productType = "com.apple.product-type.bundle.unit-test";
		};
		652866981F1E82F80069C294 /* FitBit StepsUITests */ = {
			isa = PBXNativeTarget;
			buildConfigurationList = 652866A81F1E82F80069C294 /* Build configuration list for PBXNativeTarget "FitBit StepsUITests" */;
			buildPhases = (
				652866951F1E82F80069C294 /* Sources */,
				652866961F1E82F80069C294 /* Frameworks */,
				652866971F1E82F80069C294 /* Resources */,
			);
			buildRules = (
			);
			dependencies = (
				6528669B1F1E82F80069C294 /* PBXTargetDependency */,
			);
			name = "FitBit StepsUITests";
			productName = "FitBit StepsUITests";
			productReference = 652866991F1E82F80069C294 /* FitBit StepsUITests.xctest */;
			productType = "com.apple.product-type.bundle.ui-testing";
		};
/* End PBXNativeTarget section */

/* Begin PBXProject section */
		652866721F1E82F70069C294 /* Project object */ = {
			isa = PBXProject;
			attributes = {
				LastSwiftUpdateCheck = 0830;
				LastUpgradeCheck = 0830;
				ORGANIZATIONNAME = Mango;
				TargetAttributes = {
					652866791F1E82F70069C294 = {
						CreatedOnToolsVersion = 8.3.2;
						DevelopmentTeam = DDLHCN6PR8;
						ProvisioningStyle = Automatic;
					};
					6528668D1F1E82F80069C294 = {
						CreatedOnToolsVersion = 8.3.2;
						DevelopmentTeam = DDLHCN6PR8;
						ProvisioningStyle = Automatic;
						TestTargetID = 652866791F1E82F70069C294;
					};
					652866981F1E82F80069C294 = {
						CreatedOnToolsVersion = 8.3.2;
						DevelopmentTeam = DDLHCN6PR8;
						ProvisioningStyle = Automatic;
						TestTargetID = 652866791F1E82F70069C294;
					};
				};
			};
			buildConfigurationList = 652866751F1E82F70069C294 /* Build configuration list for PBXProject "FitBitSteps" */;
			compatibilityVersion = "Xcode 3.2";
			developmentRegion = English;
			hasScannedForEncodings = 0;
			knownRegions = (
				en,
				Base,
			);
			mainGroup = 652866711F1E82F70069C294;
			productRefGroup = 6528667B1F1E82F80069C294 /* Products */;
			projectDirPath = "";
			projectRoot = "";
			targets = (
				652866791F1E82F70069C294 /* FitBit Steps */,
				6528668D1F1E82F80069C294 /* FitBit StepsTests */,
				652866981F1E82F80069C294 /* FitBit StepsUITests */,
			);
		};
/* End PBXProject section */

/* Begin PBXResourcesBuildPhase section */
		652866781F1E82F70069C294 /* Resources */ = {
			isa = PBXResourcesBuildPhase;
			buildActionMask = 2147483647;
			files = (
				652866881F1E82F80069C294 /* LaunchScreen.storyboard in Resources */,
				652866851F1E82F80069C294 /* Assets.xcassets in Resources */,
				652866831F1E82F80069C294 /* Main.storyboard in Resources */,
			);
			runOnlyForDeploymentPostprocessing = 0;
		};
		6528668C1F1E82F80069C294 /* Resources */ = {
			isa = PBXResourcesBuildPhase;
			buildActionMask = 2147483647;
			files = (
			);
			runOnlyForDeploymentPostprocessing = 0;
		};
		652866971F1E82F80069C294 /* Resources */ = {
			isa = PBXResourcesBuildPhase;
			buildActionMask = 2147483647;
			files = (
			);
			runOnlyForDeploymentPostprocessing = 0;
		};
/* End PBXResourcesBuildPhase section */

/* Begin PBXSourcesBuildPhase section */
		652866761F1E82F70069C294 /* Sources */ = {
			isa = PBXSourcesBuildPhase;
			buildActionMask = 2147483647;
			files = (
				652866801F1E82F80069C294 /* ViewController.swift in Sources */,
				6528667E1F1E82F80069C294 /* AppDelegate.swift in Sources */,
				A16B64781F3E5BEE00F1D013 /* StepsViewController.swift in Sources */,
				652866AC1F1E8B130069C294 /* Globals.swift in Sources */,
			);
			runOnlyForDeploymentPostprocessing = 0;
		};
		6528668A1F1E82F80069C294 /* Sources */ = {
			isa = PBXSourcesBuildPhase;
			buildActionMask = 2147483647;
			files = (
				652866931F1E82F80069C294 /* FitBit_StepsTests.swift in Sources */,
			);
			runOnlyForDeploymentPostprocessing = 0;
		};
		652866951F1E82F80069C294 /* Sources */ = {
			isa = PBXSourcesBuildPhase;
			buildActionMask = 2147483647;
			files = (
				6528669E1F1E82F80069C294 /* FitBit_StepsUITests.swift in Sources */,
			);
			runOnlyForDeploymentPostprocessing = 0;
		};
/* End PBXSourcesBuildPhase section */

/* Begin PBXTargetDependency section */
		652866901F1E82F80069C294 /* PBXTargetDependency */ = {
			isa = PBXTargetDependency;
			target = 652866791F1E82F70069C294 /* FitBit Steps */;
			targetProxy = 6528668F1F1E82F80069C294 /* PBXContainerItemProxy */;
		};
		6528669B1F1E82F80069C294 /* PBXTargetDependency */ = {
			isa = PBXTargetDependency;
			target = 652866791F1E82F70069C294 /* FitBit Steps */;
			targetProxy = 6528669A1F1E82F80069C294 /* PBXContainerItemProxy */;
		};
/* End PBXTargetDependency section */

/* Begin PBXVariantGroup section */
		652866811F1E82F80069C294 /* Main.storyboard */ = {
			isa = PBXVariantGroup;
			children = (
				652866821F1E82F80069C294 /* Base */,
			);
			name = Main.storyboard;
			sourceTree = "<group>";
		};
		652866861F1E82F80069C294 /* LaunchScreen.storyboard */ = {
			isa = PBXVariantGroup;
			children = (
				652866871F1E82F80069C294 /* Base */,
			);
			name = LaunchScreen.storyboard;
			sourceTree = "<group>";
		};
/* End PBXVariantGroup section */

/* Begin XCBuildConfiguration section */
		652866A01F1E82F80069C294 /* Debug */ = {
			isa = XCBuildConfiguration;
			buildSettings = {
				ALWAYS_SEARCH_USER_PATHS = NO;
				CLANG_ANALYZER_NONNULL = YES;
				CLANG_ANALYZER_NUMBER_OBJECT_CONVERSION = YES_AGGRESSIVE;
				CLANG_CXX_LANGUAGE_STANDARD = "gnu++0x";
				CLANG_CXX_LIBRARY = "libc++";
				CLANG_ENABLE_MODULES = YES;
				CLANG_ENABLE_OBJC_ARC = YES;
				CLANG_WARN_BOOL_CONVERSION = YES;
				CLANG_WARN_CONSTANT_CONVERSION = YES;
				CLANG_WARN_DIRECT_OBJC_ISA_USAGE = YES_ERROR;
				CLANG_WARN_DOCUMENTATION_COMMENTS = YES;
				CLANG_WARN_EMPTY_BODY = YES;
				CLANG_WARN_ENUM_CONVERSION = YES;
				CLANG_WARN_INFINITE_RECURSION = YES;
				CLANG_WARN_INT_CONVERSION = YES;
				CLANG_WARN_OBJC_ROOT_CLASS = YES_ERROR;
				CLANG_WARN_SUSPICIOUS_MOVE = YES;
				CLANG_WARN_UNREACHABLE_CODE = YES;
				CLANG_WARN__DUPLICATE_METHOD_MATCH = YES;
				"CODE_SIGN_IDENTITY[sdk=iphoneos*]" = "iPhone Developer";
				COPY_PHASE_STRIP = NO;
				DEBUG_INFORMATION_FORMAT = dwarf;
				ENABLE_STRICT_OBJC_MSGSEND = YES;
				ENABLE_TESTABILITY = YES;
				GCC_C_LANGUAGE_STANDARD = gnu99;
				GCC_DYNAMIC_NO_PIC = NO;
				GCC_NO_COMMON_BLOCKS = YES;
				GCC_OPTIMIZATION_LEVEL = 0;
				GCC_PREPROCESSOR_DEFINITIONS = (
					"DEBUG=1",
					"$(inherited)",
				);
				GCC_WARN_64_TO_32_BIT_CONVERSION = YES;
				GCC_WARN_ABOUT_RETURN_TYPE = YES_ERROR;
				GCC_WARN_UNDECLARED_SELECTOR = YES;
				GCC_WARN_UNINITIALIZED_AUTOS = YES_AGGRESSIVE;
				GCC_WARN_UNUSED_FUNCTION = YES;
				GCC_WARN_UNUSED_VARIABLE = YES;
				IPHONEOS_DEPLOYMENT_TARGET = 10.3;
				MTL_ENABLE_DEBUG_INFO = YES;
				ONLY_ACTIVE_ARCH = YES;
				SDKROOT = iphoneos;
				SWIFT_ACTIVE_COMPILATION_CONDITIONS = DEBUG;
				SWIFT_OPTIMIZATION_LEVEL = "-Onone";
			};
			name = Debug;
		};
		652866A11F1E82F80069C294 /* Release */ = {
			isa = XCBuildConfiguration;
			buildSettings = {
				ALWAYS_SEARCH_USER_PATHS = NO;
				CLANG_ANALYZER_NONNULL = YES;
				CLANG_ANALYZER_NUMBER_OBJECT_CONVERSION = YES_AGGRESSIVE;
				CLANG_CXX_LANGUAGE_STANDARD = "gnu++0x";
				CLANG_CXX_LIBRARY = "libc++";
				CLANG_ENABLE_MODULES = YES;
				CLANG_ENABLE_OBJC_ARC = YES;
				CLANG_WARN_BOOL_CONVERSION = YES;
				CLANG_WARN_CONSTANT_CONVERSION = YES;
				CLANG_WARN_DIRECT_OBJC_ISA_USAGE = YES_ERROR;
				CLANG_WARN_DOCUMENTATION_COMMENTS = YES;
				CLANG_WARN_EMPTY_BODY = YES;
				CLANG_WARN_ENUM_CONVERSION = YES;
				CLANG_WARN_INFINITE_RECURSION = YES;
				CLANG_WARN_INT_CONVERSION = YES;
				CLANG_WARN_OBJC_ROOT_CLASS = YES_ERROR;
				CLANG_WARN_SUSPICIOUS_MOVE = YES;
				CLANG_WARN_UNREACHABLE_CODE = YES;
				CLANG_WARN__DUPLICATE_METHOD_MATCH = YES;
				"CODE_SIGN_IDENTITY[sdk=iphoneos*]" = "iPhone Developer";
				COPY_PHASE_STRIP = NO;
				DEBUG_INFORMATION_FORMAT = "dwarf-with-dsym";
				ENABLE_NS_ASSERTIONS = NO;
				ENABLE_STRICT_OBJC_MSGSEND = YES;
				GCC_C_LANGUAGE_STANDARD = gnu99;
				GCC_NO_COMMON_BLOCKS = YES;
				GCC_WARN_64_TO_32_BIT_CONVERSION = YES;
				GCC_WARN_ABOUT_RETURN_TYPE = YES_ERROR;
				GCC_WARN_UNDECLARED_SELECTOR = YES;
				GCC_WARN_UNINITIALIZED_AUTOS = YES_AGGRESSIVE;
				GCC_WARN_UNUSED_FUNCTION = YES;
				GCC_WARN_UNUSED_VARIABLE = YES;
				IPHONEOS_DEPLOYMENT_TARGET = 10.3;
				MTL_ENABLE_DEBUG_INFO = NO;
				SDKROOT = iphoneos;
				SWIFT_OPTIMIZATION_LEVEL = "-Owholemodule";
				VALIDATE_PRODUCT = YES;
			};
			name = Release;
		};
		652866A31F1E82F80069C294 /* Debug */ = {
			isa = XCBuildConfiguration;
			buildSettings = {
				ASSETCATALOG_COMPILER_APPICON_NAME = AppIcon;
				DEVELOPMENT_TEAM = DDLHCN6PR8;
				INFOPLIST_FILE = FitBitSteps/Info.plist;
				LD_RUNPATH_SEARCH_PATHS = "$(inherited) @executable_path/Frameworks";
				PRODUCT_BUNDLE_IDENTIFIER = com.redux.FitBitSteps;
				PRODUCT_NAME = "$(TARGET_NAME)";
				SWIFT_VERSION = 3.0;
			};
			name = Debug;
		};
		652866A41F1E82F80069C294 /* Release */ = {
			isa = XCBuildConfiguration;
			buildSettings = {
				ASSETCATALOG_COMPILER_APPICON_NAME = AppIcon;
				DEVELOPMENT_TEAM = DDLHCN6PR8;
				INFOPLIST_FILE = FitBitSteps/Info.plist;
				LD_RUNPATH_SEARCH_PATHS = "$(inherited) @executable_path/Frameworks";
				PRODUCT_BUNDLE_IDENTIFIER = com.redux.FitBitSteps;
				PRODUCT_NAME = "$(TARGET_NAME)";
				SWIFT_VERSION = 3.0;
			};
			name = Release;
		};
		652866A61F1E82F80069C294 /* Debug */ = {
			isa = XCBuildConfiguration;
			buildSettings = {
				ALWAYS_EMBED_SWIFT_STANDARD_LIBRARIES = YES;
				BUNDLE_LOADER = "$(TEST_HOST)";
				DEVELOPMENT_TEAM = DDLHCN6PR8;
				INFOPLIST_FILE = "FitBit StepsTests/Info.plist";
				LD_RUNPATH_SEARCH_PATHS = "$(inherited) @executable_path/Frameworks @loader_path/Frameworks";
				PRODUCT_BUNDLE_IDENTIFIER = "com.redux.FitBit-StepsTests";
				PRODUCT_NAME = "$(TARGET_NAME)";
				SWIFT_VERSION = 3.0;
				TEST_HOST = "$(BUILT_PRODUCTS_DIR)/FitBit Steps.app/FitBit Steps";
			};
			name = Debug;
		};
		652866A71F1E82F80069C294 /* Release */ = {
			isa = XCBuildConfiguration;
			buildSettings = {
				ALWAYS_EMBED_SWIFT_STANDARD_LIBRARIES = YES;
				BUNDLE_LOADER = "$(TEST_HOST)";
				DEVELOPMENT_TEAM = DDLHCN6PR8;
				INFOPLIST_FILE = "FitBit StepsTests/Info.plist";
				LD_RUNPATH_SEARCH_PATHS = "$(inherited) @executable_path/Frameworks @loader_path/Frameworks";
				PRODUCT_BUNDLE_IDENTIFIER = "com.redux.FitBit-StepsTests";
				PRODUCT_NAME = "$(TARGET_NAME)";
				SWIFT_VERSION = 3.0;
				TEST_HOST = "$(BUILT_PRODUCTS_DIR)/FitBit Steps.app/FitBit Steps";
			};
			name = Release;
		};
		652866A91F1E82F80069C294 /* Debug */ = {
			isa = XCBuildConfiguration;
			buildSettings = {
				ALWAYS_EMBED_SWIFT_STANDARD_LIBRARIES = YES;
				DEVELOPMENT_TEAM = DDLHCN6PR8;
				INFOPLIST_FILE = "FitBit StepsUITests/Info.plist";
				LD_RUNPATH_SEARCH_PATHS = "$(inherited) @executable_path/Frameworks @loader_path/Frameworks";
				PRODUCT_BUNDLE_IDENTIFIER = "com.redux.FitBit-StepsUITests";
				PRODUCT_NAME = "$(TARGET_NAME)";
				SWIFT_VERSION = 3.0;
				TEST_TARGET_NAME = "FitBit Steps";
			};
			name = Debug;
		};
		652866AA1F1E82F80069C294 /* Release */ = {
			isa = XCBuildConfiguration;
			buildSettings = {
				ALWAYS_EMBED_SWIFT_STANDARD_LIBRARIES = YES;
				DEVELOPMENT_TEAM = DDLHCN6PR8;
				INFOPLIST_FILE = "FitBit StepsUITests/Info.plist";
				LD_RUNPATH_SEARCH_PATHS = "$(inherited) @executable_path/Frameworks @loader_path/Frameworks";
				PRODUCT_BUNDLE_IDENTIFIER = "com.redux.FitBit-StepsUITests";
				PRODUCT_NAME = "$(TARGET_NAME)";
				SWIFT_VERSION = 3.0;
				TEST_TARGET_NAME = "FitBit Steps";
			};
			name = Release;
		};
/* End XCBuildConfiguration section */

/* Begin XCConfigurationList section */
		652866751F1E82F70069C294 /* Build configuration list for PBXProject "FitBitSteps" */ = {
			isa = XCConfigurationList;
			buildConfigurations = (
				652866A01F1E82F80069C294 /* Debug */,
				652866A11F1E82F80069C294 /* Release */,
			);
			defaultConfigurationIsVisible = 0;
			defaultConfigurationName = Release;
		};
		652866A21F1E82F80069C294 /* Build configuration list for PBXNativeTarget "FitBit Steps" */ = {
			isa = XCConfigurationList;
			buildConfigurations = (
				652866A31F1E82F80069C294 /* Debug */,
				652866A41F1E82F80069C294 /* Release */,
			);
			defaultConfigurationIsVisible = 0;
			defaultConfigurationName = Release;
		};
		652866A51F1E82F80069C294 /* Build configuration list for PBXNativeTarget "FitBit StepsTests" */ = {
			isa = XCConfigurationList;
			buildConfigurations = (
				652866A61F1E82F80069C294 /* Debug */,
				652866A71F1E82F80069C294 /* Release */,
			);
			defaultConfigurationIsVisible = 0;
			defaultConfigurationName = Release;
		};
		652866A81F1E82F80069C294 /* Build configuration list for PBXNativeTarget "FitBit StepsUITests" */ = {
			isa = XCConfigurationList;
			buildConfigurations = (
				652866A91F1E82F80069C294 /* Debug */,
				652866AA1F1E82F80069C294 /* Release */,
			);
			defaultConfigurationIsVisible = 0;
			defaultConfigurationName = Release;
		};
/* End XCConfigurationList section */
	};
	rootObject = 652866721F1E82F70069C294 /* Project object */;
}
